
Microsoft Visual Studio Solution File, Format Version 12.00
# Visual Studio Version 17
VisualStudioVersion = 17.11.35327.3
MinimumVisualStudioVersion = 10.0.40219.1
Project("{FAE04EC0-301F-11D3-BF4B-00C04F79EFBC}") = "Assignment3_4wpf", "Assignment3_4wpf.csproj", "{578545A9-3B14-40FE-8D00-C0E878AE1D2C}"
EndProject
Global
	GlobalSection(SolutionConfigurationPlatforms) = preSolution
		Debug|Any CPU = Debug|Any CPU
		Release|Any CPU = Release|Any CPU
	EndGlobalSection
	GlobalSection(ProjectConfigurationPlatforms) = postSolution
		{578545A9-3B14-40FE-8D00-C0E878AE1D2C}.Debug|Any CPU.ActiveCfg = Debug|Any CPU
		{578545A9-3B14-40FE-8D00-C0E878AE1D2C}.Debug|Any CPU.Build.0 = Debug|Any CPU
		{578545A9-3B14-40FE-8D00-C0E878AE1D2C}.Release|Any CPU.ActiveCfg = Release|Any CPU
		{578545A9-3B14-40FE-8D00-C0E878AE1D2C}.Release|Any CPU.Build.0 = Release|Any CPU
	EndGlobalSection
	GlobalSection(SolutionProperties) = preSolution
		HideSolutionNode = FALSE
	EndGlobalSection
	GlobalSection(ExtensibilityGlobals) = postSolution
		SolutionGuid = {96A47243-050E-4A55-83A1-4BDC284D509C}
	EndGlobalSection
EndGlobal
